
Microsoft Visual Studio Solution File, Format Version 12.00
# Visual Studio 15
VisualStudioVersion = 15.0.27428.2037
MinimumVisualStudioVersion = 10.0.40219.1
Project("{9A19103F-16F7-4668-BE54-9A1E7A4F7556}") = "ACupOfCoffee", "ACupOfCoffee.csproj", "{8C702A95-A5B3-4D95-ACF1-93F28E8CFA0D}"
EndProject
Global
	GlobalSection(SolutionConfigurationPlatforms) = preSolution
		Debug|Any CPU = Debug|Any CPU
		Release|Any CPU = Release|Any CPU
	EndGlobalSection
	GlobalSection(ProjectConfigurationPlatforms) = postSolution
		{8C702A95-A5B3-4D95-ACF1-93F28E8CFA0D}.Debug|Any CPU.ActiveCfg = Debug|Any CPU
		{8C702A95-A5B3-4D95-ACF1-93F28E8CFA0D}.Debug|Any CPU.Build.0 = Debug|Any CPU
		{8C702A95-A5B3-4D95-ACF1-93F28E8CFA0D}.Release|Any CPU.ActiveCfg = Release|Any CPU
		{8C702A95-A5B3-4D95-ACF1-93F28E8CFA0D}.Release|Any CPU.Build.0 = Release|Any CPU
	EndGlobalSection
	GlobalSection(SolutionProperties) = preSolution
		HideSolutionNode = FALSE
	EndGlobalSection
	GlobalSection(ExtensibilityGlobals) = postSolution
		SolutionGuid = {6ABAC395-9186-4EB7-8688-90C6124E6C65}
	EndGlobalSection
EndGlobal
